
Microsoft Visual Studio Solution File, Format Version 12.00
# Visual Studio Version 17
VisualStudioVersion = 17.3.32922.545
MinimumVisualStudioVersion = 10.0.40219.1
Project("{FAE04EC0-301F-11D3-BF4B-00C04F79EFBC}") = "KpopApi", "KpopApi\KpopApi.csproj", "{57E9F852-09A7-44E4-9684-DBA86C7CBE6D}"
EndProject
Global
	GlobalSection(SolutionConfigurationPlatforms) = preSolution
		Debug|Any CPU = Debug|Any CPU
		Release|Any CPU = Release|Any CPU
	EndGlobalSection
	GlobalSection(ProjectConfigurationPlatforms) = postSolution
		{57E9F852-09A7-44E4-9684-DBA86C7CBE6D}.Debug|Any CPU.ActiveCfg = Debug|Any CPU
		{57E9F852-09A7-44E4-9684-DBA86C7CBE6D}.Debug|Any CPU.Build.0 = Debug|Any CPU
		{57E9F852-09A7-44E4-9684-DBA86C7CBE6D}.Release|Any CPU.ActiveCfg = Release|Any CPU
		{57E9F852-09A7-44E4-9684-DBA86C7CBE6D}.Release|Any CPU.Build.0 = Release|Any CPU
	EndGlobalSection
	GlobalSection(SolutionProperties) = preSolution
		HideSolutionNode = FALSE
	EndGlobalSection
	GlobalSection(ExtensibilityGlobals) = postSolution
		SolutionGuid = {19D0F76B-9CB7-4D9D-8FD4-7121C443B9EE}
	EndGlobalSection
EndGlobal
